
Microsoft Visual Studio Solution File, Format Version 12.00
# Visual Studio 15
VisualStudioVersion = 15.0.28307.168
MinimumVisualStudioVersion = 10.0.40219.1
Project("{FAE04EC0-301F-11D3-BF4B-00C04F79EFBC}") = "PluginTest", "PluginTest\PluginTest.csproj", "{C94135ED-4228-4796-B845-EA0B87F11D71}"
EndProject
Global
	GlobalSection(SolutionConfigurationPlatforms) = preSolution
		Debug|Any CPU = Debug|Any CPU
		Release|Any CPU = Release|Any CPU
	EndGlobalSection
	GlobalSection(ProjectConfigurationPlatforms) = postSolution
		{C94135ED-4228-4796-B845-EA0B87F11D71}.Debug|Any CPU.ActiveCfg = Debug|Any CPU
		{C94135ED-4228-4796-B845-EA0B87F11D71}.Debug|Any CPU.Build.0 = Debug|Any CPU
		{C94135ED-4228-4796-B845-EA0B87F11D71}.Release|Any CPU.ActiveCfg = Release|Any CPU
		{C94135ED-4228-4796-B845-EA0B87F11D71}.Release|Any CPU.Build.0 = Release|Any CPU
	EndGlobalSection
	GlobalSection(SolutionProperties) = preSolution
		HideSolutionNode = FALSE
	EndGlobalSection
	GlobalSection(ExtensibilityGlobals) = postSolution
		SolutionGuid = {CB52C8B5-EBF8-4F1F-AC8C-5839FE20BC38}
	EndGlobalSection
EndGlobal
